PODS:
  - Flutter (1.0.0)
  - permission_handler_apple (9.3.0):
    - Flutter
  - TrustTunnelClient (0.99.20)

DEPENDENCIES:
  - Flutter (from `Flutter`)
  - permission_handler_apple (from `.symlinks/plugins/permission_handler_apple/ios`)
  - TrustTunnelClient (from `../../apple/TrustTunnelClient.podspec`)

EXTERNAL SOURCES:
  Flutter:
    :path: Flutter
  permission_handler_apple:
    :path: ".symlinks/plugins/permission_handler_apple/ios"
  TrustTunnelClient:
    :podspec: "../../apple/TrustTunnelClient.podspec"

SPEC CHECKSUMS:
  Flutter: e0871f40cf51350855a761d2e70bf5af5b9b5de7
  permission_handler_apple: 4ed2196e43d0651e8ff7ca3483a069d469701f2d
  TrustTunnelClient: dd4a12bc6306ddc3db6af43ac26b7eb8793c42c2

PODFILE CHECKSUM: cc87fe09b4d40938adcc2cf78e0836af752f83d1

COCOAPODS: 1.16.2
